
Microsoft Visual Studio Solution File, Format Version 12.00
# Visual Studio Version 17
VisualStudioVersion = 17.13.35818.85 d17.13
MinimumVisualStudioVersion = 10.0.40219.1
Project("{FAE04EC0-301F-11D3-BF4B-00C04F79EFBC}") = "modul4_103022300058", "modul4_103022300058.csproj", "{74C90468-EBFD-4981-9495-74466F6D8C16}"
EndProject
Global
	GlobalSection(SolutionConfigurationPlatforms) = preSolution
		Debug|Any CPU = Debug|Any CPU
		Release|Any CPU = Release|Any CPU
	EndGlobalSection
	GlobalSection(ProjectConfigurationPlatforms) = postSolution
		{74C90468-EBFD-4981-9495-74466F6D8C16}.Debug|Any CPU.ActiveCfg = Debug|Any CPU
		{74C90468-EBFD-4981-9495-74466F6D8C16}.Debug|Any CPU.Build.0 = Debug|Any CPU
		{74C90468-EBFD-4981-9495-74466F6D8C16}.Release|Any CPU.ActiveCfg = Release|Any CPU
		{74C90468-EBFD-4981-9495-74466F6D8C16}.Release|Any CPU.Build.0 = Release|Any CPU
	EndGlobalSection
	GlobalSection(SolutionProperties) = preSolution
		HideSolutionNode = FALSE
	EndGlobalSection
	GlobalSection(ExtensibilityGlobals) = postSolution
		SolutionGuid = {88515A6A-85E6-496C-9CD3-3757A2434F9A}
	EndGlobalSection
EndGlobal
